
Microsoft Visual Studio Solution File, Format Version 12.00
# Visual Studio Version 17
VisualStudioVersion = 17.0.31903.59
MinimumVisualStudioVersion = 10.0.40219.1
Project("{FAE04EC0-301F-11D3-BF4B-00C04F79EFBC}") = "ViewDiscovery", "ViewDiscovery\ViewDiscovery.csproj", "{CC2996AD-3B30-4C8E-B1BB-E9A3E4AE3557}"
EndProject
Global
	GlobalSection(SolutionConfigurationPlatforms) = preSolution
		Debug|Any CPU = Debug|Any CPU
		Release|Any CPU = Release|Any CPU
	EndGlobalSection
	GlobalSection(ProjectConfigurationPlatforms) = postSolution
		{CC2996AD-3B30-4C8E-B1BB-E9A3E4AE3557}.Debug|Any CPU.ActiveCfg = Debug|Any CPU
		{CC2996AD-3B30-4C8E-B1BB-E9A3E4AE3557}.Debug|Any CPU.Build.0 = Debug|Any CPU
		{CC2996AD-3B30-4C8E-B1BB-E9A3E4AE3557}.Release|Any CPU.ActiveCfg = Release|Any CPU
		{CC2996AD-3B30-4C8E-B1BB-E9A3E4AE3557}.Release|Any CPU.Build.0 = Release|Any CPU
	EndGlobalSection
	GlobalSection(SolutionProperties) = preSolution
		HideSolutionNode = FALSE
	EndGlobalSection
	GlobalSection(ExtensibilityGlobals) = postSolution
		SolutionGuid = {9FEEC45D-8554-442F-B846-056633408954}
	EndGlobalSection
EndGlobal
