
Microsoft Visual Studio Solution File, Format Version 12.00
# Visual Studio Version 17
VisualStudioVersion = 17.0.31903.59
MinimumVisualStudioVersion = 10.0.40219.1
Project("{FAE04EC0-301F-11D3-BF4B-00C04F79EFBC}") = "UsingInvokeCommandAction", "UsingInvokeCommandAction\UsingInvokeCommandAction.csproj", "{2CFBA67E-DBD6-41C4-90D1-C84EBAA9BBA8}"
EndProject
Global
	GlobalSection(SolutionConfigurationPlatforms) = preSolution
		Debug|Any CPU = Debug|Any CPU
		Release|Any CPU = Release|Any CPU
	EndGlobalSection
	GlobalSection(ProjectConfigurationPlatforms) = postSolution
		{2CFBA67E-DBD6-41C4-90D1-C84EBAA9BBA8}.Debug|Any CPU.ActiveCfg = Debug|Any CPU
		{2CFBA67E-DBD6-41C4-90D1-C84EBAA9BBA8}.Debug|Any CPU.Build.0 = Debug|Any CPU
		{2CFBA67E-DBD6-41C4-90D1-C84EBAA9BBA8}.Release|Any CPU.ActiveCfg = Release|Any CPU
		{2CFBA67E-DBD6-41C4-90D1-C84EBAA9BBA8}.Release|Any CPU.Build.0 = Release|Any CPU
	EndGlobalSection
	GlobalSection(SolutionProperties) = preSolution
		HideSolutionNode = FALSE
	EndGlobalSection
	GlobalSection(ExtensibilityGlobals) = postSolution
		SolutionGuid = {799DF505-8C3A-4AC8-8C2E-08E0A41BD861}
	EndGlobalSection
EndGlobal
