
Microsoft Visual Studio Solution File, Format Version 12.00
# Visual Studio Version 17
VisualStudioVersion = 17.0.31903.59
MinimumVisualStudioVersion = 10.0.40219.1
Project("{FAE04EC0-301F-11D3-BF4B-00C04F79EFBC}") = "UsingDelegateCommands", "UsingDelegateCommands\UsingDelegateCommands.csproj", "{72DA4458-1245-4805-AFBE-9FDE5374CE87}"
EndProject
Global
	GlobalSection(SolutionConfigurationPlatforms) = preSolution
		Debug|Any CPU = Debug|Any CPU
		Release|Any CPU = Release|Any CPU
	EndGlobalSection
	GlobalSection(ProjectConfigurationPlatforms) = postSolution
		{72DA4458-1245-4805-AFBE-9FDE5374CE87}.Debug|Any CPU.ActiveCfg = Debug|Any CPU
		{72DA4458-1245-4805-AFBE-9FDE5374CE87}.Debug|Any CPU.Build.0 = Debug|Any CPU
		{72DA4458-1245-4805-AFBE-9FDE5374CE87}.Release|Any CPU.ActiveCfg = Release|Any CPU
		{72DA4458-1245-4805-AFBE-9FDE5374CE87}.Release|Any CPU.Build.0 = Release|Any CPU
	EndGlobalSection
	GlobalSection(SolutionProperties) = preSolution
		HideSolutionNode = FALSE
	EndGlobalSection
	GlobalSection(ExtensibilityGlobals) = postSolution
		SolutionGuid = {B774CF2F-D8A5-4859-99D1-87AC9ED7BDC0}
	EndGlobalSection
EndGlobal
