
Microsoft Visual Studio Solution File, Format Version 12.00
# Visual Studio Version 17
VisualStudioVersion = 17.0.31903.59
MinimumVisualStudioVersion = 10.0.40219.1
Project("{FAE04EC0-301F-11D3-BF4B-00C04F79EFBC}") = "NavigationJournal", "NavigationJournal\NavigationJournal.csproj", "{17133F65-9163-4401-BF0F-9DE3D7B1C266}"
EndProject
Project("{FAE04EC0-301F-11D3-BF4B-00C04F79EFBC}") = "ModuleA", "ModuleA\ModuleA.csproj", "{D1B51818-971D-47CB-BB34-C12CA1751AA8}"
EndProject
Global
	GlobalSection(SolutionConfigurationPlatforms) = preSolution
		Debug|Any CPU = Debug|Any CPU
		Release|Any CPU = Release|Any CPU
	EndGlobalSection
	GlobalSection(ProjectConfigurationPlatforms) = postSolution
		{17133F65-9163-4401-BF0F-9DE3D7B1C266}.Debug|Any CPU.ActiveCfg = Debug|Any CPU
		{17133F65-9163-4401-BF0F-9DE3D7B1C266}.Debug|Any CPU.Build.0 = Debug|Any CPU
		{17133F65-9163-4401-BF0F-9DE3D7B1C266}.Release|Any CPU.ActiveCfg = Release|Any CPU
		{17133F65-9163-4401-BF0F-9DE3D7B1C266}.Release|Any CPU.Build.0 = Release|Any CPU
		{D1B51818-971D-47CB-BB34-C12CA1751AA8}.Debug|Any CPU.ActiveCfg = Debug|Any CPU
		{D1B51818-971D-47CB-BB34-C12CA1751AA8}.Debug|Any CPU.Build.0 = Debug|Any CPU
		{D1B51818-971D-47CB-BB34-C12CA1751AA8}.Release|Any CPU.ActiveCfg = Release|Any CPU
		{D1B51818-971D-47CB-BB34-C12CA1751AA8}.Release|Any CPU.Build.0 = Release|Any CPU
	EndGlobalSection
	GlobalSection(SolutionProperties) = preSolution
		HideSolutionNode = FALSE
	EndGlobalSection
	GlobalSection(ExtensibilityGlobals) = postSolution
		SolutionGuid = {5D90F185-8333-4295-9247-320EED270FFE}
	EndGlobalSection
EndGlobal
