
Microsoft Visual Studio Solution File, Format Version 12.00
# Visual Studio Version 17
VisualStudioVersion = 17.0.31903.59
MinimumVisualStudioVersion = 10.0.40219.1
Project("{9A19103F-16F7-4668-BE54-9A1E7A4F7556}") = "UsingCompositeCommands", "UsingCompositeCommands\UsingCompositeCommands.csproj", "{579C839E-DC99-4A5D-B0D7-2524F403618E}"
EndProject
Project("{9A19103F-16F7-4668-BE54-9A1E7A4F7556}") = "UsingCompositeCommands.Core", "UsingCompositeCommands.Core\UsingCompositeCommands.Core.csproj", "{7DEB2104-0EF5-4B7D-8DCF-F66FCDB7403D}"
EndProject
Project("{FAE04EC0-301F-11D3-BF4B-00C04F79EFBC}") = "ModuleA", "ModuleA\ModuleA.csproj", "{30086176-A402-4056-858D-298EC622053F}"
EndProject
Global
	GlobalSection(SolutionConfigurationPlatforms) = preSolution
		Debug|Any CPU = Debug|Any CPU
		Release|Any CPU = Release|Any CPU
	EndGlobalSection
	GlobalSection(ProjectConfigurationPlatforms) = postSolution
		{579C839E-DC99-4A5D-B0D7-2524F403618E}.Debug|Any CPU.ActiveCfg = Debug|Any CPU
		{579C839E-DC99-4A5D-B0D7-2524F403618E}.Debug|Any CPU.Build.0 = Debug|Any CPU
		{579C839E-DC99-4A5D-B0D7-2524F403618E}.Release|Any CPU.ActiveCfg = Release|Any CPU
		{579C839E-DC99-4A5D-B0D7-2524F403618E}.Release|Any CPU.Build.0 = Release|Any CPU
		{7DEB2104-0EF5-4B7D-8DCF-F66FCDB7403D}.Debug|Any CPU.ActiveCfg = Debug|Any CPU
		{7DEB2104-0EF5-4B7D-8DCF-F66FCDB7403D}.Debug|Any CPU.Build.0 = Debug|Any CPU
		{7DEB2104-0EF5-4B7D-8DCF-F66FCDB7403D}.Release|Any CPU.ActiveCfg = Release|Any CPU
		{7DEB2104-0EF5-4B7D-8DCF-F66FCDB7403D}.Release|Any CPU.Build.0 = Release|Any CPU
		{30086176-A402-4056-858D-298EC622053F}.Debug|Any CPU.ActiveCfg = Debug|Any CPU
		{30086176-A402-4056-858D-298EC622053F}.Debug|Any CPU.Build.0 = Debug|Any CPU
		{30086176-A402-4056-858D-298EC622053F}.Release|Any CPU.ActiveCfg = Release|Any CPU
		{30086176-A402-4056-858D-298EC622053F}.Release|Any CPU.Build.0 = Release|Any CPU
	EndGlobalSection
	GlobalSection(SolutionProperties) = preSolution
		HideSolutionNode = FALSE
	EndGlobalSection
	GlobalSection(ExtensibilityGlobals) = postSolution
		SolutionGuid = {1186B6E2-E2B6-4E32-BA08-F539971CC319}
	EndGlobalSection
EndGlobal
