
Microsoft Visual Studio Solution File, Format Version 12.00
# Visual Studio Version 17
VisualStudioVersion = 17.0.31903.59
MinimumVisualStudioVersion = 10.0.40219.1
Project("{FAE04EC0-301F-11D3-BF4B-00C04F79EFBC}") = "RegionContext", "RegionContext\RegionContext.csproj", "{804E63B2-6875-4D5D-BD7F-98A414B89B1E}"
EndProject
Project("{FAE04EC0-301F-11D3-BF4B-00C04F79EFBC}") = "ModuleA", "ModuleA\ModuleA.csproj", "{CB55859A-5F1C-492C-B6C3-287150A56D60}"
EndProject
Global
	GlobalSection(SolutionConfigurationPlatforms) = preSolution
		Debug|Any CPU = Debug|Any CPU
		Release|Any CPU = Release|Any CPU
	EndGlobalSection
	GlobalSection(ProjectConfigurationPlatforms) = postSolution
		{804E63B2-6875-4D5D-BD7F-98A414B89B1E}.Debug|Any CPU.ActiveCfg = Debug|Any CPU
		{804E63B2-6875-4D5D-BD7F-98A414B89B1E}.Debug|Any CPU.Build.0 = Debug|Any CPU
		{804E63B2-6875-4D5D-BD7F-98A414B89B1E}.Release|Any CPU.ActiveCfg = Release|Any CPU
		{804E63B2-6875-4D5D-BD7F-98A414B89B1E}.Release|Any CPU.Build.0 = Release|Any CPU
		{CB55859A-5F1C-492C-B6C3-287150A56D60}.Debug|Any CPU.ActiveCfg = Debug|Any CPU
		{CB55859A-5F1C-492C-B6C3-287150A56D60}.Debug|Any CPU.Build.0 = Debug|Any CPU
		{CB55859A-5F1C-492C-B6C3-287150A56D60}.Release|Any CPU.ActiveCfg = Release|Any CPU
		{CB55859A-5F1C-492C-B6C3-287150A56D60}.Release|Any CPU.Build.0 = Release|Any CPU
	EndGlobalSection
	GlobalSection(SolutionProperties) = preSolution
		HideSolutionNode = FALSE
	EndGlobalSection
	GlobalSection(ExtensibilityGlobals) = postSolution
		SolutionGuid = {E4512BEB-4A4B-4AB4-9BEA-CC3039DAAFBA}
	EndGlobalSection
EndGlobal
